// !$*UTF8*$!
{
	archiveVersion = 1;
	classes = {
	};
	objectVersion = 56;
	objects = {

/* Begin PBXBuildFile section */
		FA4C38ED2C08A9A200EA675A /* SongTextModel.swift in Sources */ = {isa = PBXBuildFile; fileRef = FA4C38EC2C08A9A200EA675A /* SongTextModel.swift */; };
		FA4C38EF2C08A9CA00EA675A /* SizeRangeModel.swift in Sources */ = {isa = PBXBuildFile; fileRef = FA4C38EE2C08A9CA00EA675A /* SizeRangeModel.swift */; };
		FA4C38F12C08A9E300EA675A /* ActionPositionModel.swift in Sources */ = {isa = PBXBuildFile; fileRef = FA4C38F02C08A9E300EA675A /* ActionPositionModel.swift */; };
		FA4C38F32C08AA1900EA675A /* ActionModel.swift in Sources */ = {isa = PBXBuildFile; fileRef = FA4C38F22C08AA1900EA675A /* ActionModel.swift */; };
		FA4C38F52C08AA8300EA675A /* ColorRangeModel.swift in Sources */ = {isa = PBXBuildFile; fileRef = FA4C38F42C08AA8300EA675A /* ColorRangeModel.swift */; };
		FA4C38F72C08B0FB00EA675A /* ActionEditViewController.swift in Sources */ = {isa = PBXBuildFile; fileRef = FA4C38F62C08B0FB00EA675A /* ActionEditViewController.swift */; };
		FA4C38F92C08B15600EA675A /* LyricsEditViewController.swift in Sources */ = {isa = PBXBuildFile; fileRef = FA4C38F82C08B15600EA675A /* LyricsEditViewController.swift */; };
		FA4C38FB2C1B0B2100EA675A /* ActionEditViewController.storyboard in Resources */ = {isa = PBXBuildFile; fileRef = FA4C38FA2C1B0B2100EA675A /* ActionEditViewController.storyboard */; };
		FA4C38FD2C2316FF00EA675A /* LyricsViewController.storyboard in Resources */ = {isa = PBXBuildFile; fileRef = FA4C38FC2C2316FF00EA675A /* LyricsViewController.storyboard */; };
		FADFFA9E2BE5244F004EEE12 /* AppDelegate.swift in Sources */ = {isa = PBXBuildFile; fileRef = FADFFA9D2BE5244F004EEE12 /* AppDelegate.swift */; };
		FADFFAA02BE5244F004EEE12 /* SceneDelegate.swift in Sources */ = {isa = PBXBuildFile; fileRef = FADFFA9F2BE5244F004EEE12 /* SceneDelegate.swift */; };
		FADFFAA22BE5244F004EEE12 /* HomeViewController.swift in Sources */ = {isa = PBXBuildFile; fileRef = FADFFAA12BE5244F004EEE12 /* HomeViewController.swift */; };
		FADFFAA52BE5244F004EEE12 /* Main.storyboard in Resources */ = {isa = PBXBuildFile; fileRef = FADFFAA32BE5244F004EEE12 /* Main.storyboard */; };
		FADFFAA72BE52450004EEE12 /* Assets.xcassets in Resources */ = {isa = PBXBuildFile; fileRef = FADFFAA62BE52450004EEE12 /* Assets.xcassets */; };
		FADFFAAA2BE52450004EEE12 /* LaunchScreen.storyboard in Resources */ = {isa = PBXBuildFile; fileRef = FADFFAA82BE52450004EEE12 /* LaunchScreen.storyboard */; };
		FADFFAB52BE52450004EEE12 /* SongMemoApp2Tests.swift in Sources */ = {isa = PBXBuildFile; fileRef = FADFFAB42BE52450004EEE12 /* SongMemoApp2Tests.swift */; };
		FADFFABF2BE52450004EEE12 /* SongMemoApp2UITests.swift in Sources */ = {isa = PBXBuildFile; fileRef = FADFFABE2BE52450004EEE12 /* SongMemoApp2UITests.swift */; };
		FADFFAC12BE52450004EEE12 /* SongMemoApp2UITestsLaunchTests.swift in Sources */ = {isa = PBXBuildFile; fileRef = FADFFAC02BE52450004EEE12 /* SongMemoApp2UITestsLaunchTests.swift */; };
		FADFFACF2BE52A96004EEE12 /* HomeViewTableViewCell.swift in Sources */ = {isa = PBXBuildFile; fileRef = FADFFACD2BE52A96004EEE12 /* HomeViewTableViewCell.swift */; };
		FADFFAD02BE52A96004EEE12 /* HomeViewTableViewCell.xib in Resources */ = {isa = PBXBuildFile; fileRef = FADFFACE2BE52A96004EEE12 /* HomeViewTableViewCell.xib */; };
/* End PBXBuildFile section */

/* Begin PBXContainerItemProxy section */
		FADFFAB12BE52450004EEE12 /* PBXContainerItemProxy */ = {
			isa = PBXContainerItemProxy;
			containerPortal = FADFFA922BE5244F004EEE12 /* Project object */;
			proxyType = 1;
			remoteGlobalIDString = FADFFA992BE5244F004EEE12;
			remoteInfo = SongMemoApp2;
		};
		FADFFABB2BE52450004EEE12 /* PBXContainerItemProxy */ = {
			isa = PBXContainerItemProxy;
			containerPortal = FADFFA922BE5244F004EEE12 /* Project object */;
			proxyType = 1;
			remoteGlobalIDString = FADFFA992BE5244F004EEE12;
			remoteInfo = SongMemoApp2;
		};
/* End PBXContainerItemProxy section */

/* Begin PBXFileReference section */
		FA4C38EC2C08A9A200EA675A /* SongTextModel.swift */ = {isa = PBXFileReference; lastKnownFileType = sourcecode.swift; path = SongTextModel.swift; sourceTree = "<group>"; };
		FA4C38EE2C08A9CA00EA675A /* SizeRangeModel.swift */ = {isa = PBXFileReference; lastKnownFileType = sourcecode.swift; path = SizeRangeModel.swift; sourceTree = "<group>"; };
		FA4C38F02C08A9E300EA675A /* ActionPositionModel.swift */ = {isa = PBXFileReference; lastKnownFileType = sourcecode.swift; path = ActionPositionModel.swift; sourceTree = "<group>"; };
		FA4C38F22C08AA1900EA675A /* ActionModel.swift */ = {isa = PBXFileReference; lastKnownFileType = sourcecode.swift; path = ActionModel.swift; sourceTree = "<group>"; };
		FA4C38F42C08AA8300EA675A /* ColorRangeModel.swift */ = {isa = PBXFileReference; lastKnownFileType = sourcecode.swift; path = ColorRangeModel.swift; sourceTree = "<group>"; };
		FA4C38F62C08B0FB00EA675A /* ActionEditViewController.swift */ = {isa = PBXFileReference; lastKnownFileType = sourcecode.swift; path = ActionEditViewController.swift; sourceTree = "<group>"; };
		FA4C38F82C08B15600EA675A /* LyricsEditViewController.swift */ = {isa = PBXFileReference; lastKnownFileType = sourcecode.swift; path = LyricsEditViewController.swift; sourceTree = "<group>"; };
		FA4C38FA2C1B0B2100EA675A /* ActionEditViewController.storyboard */ = {isa = PBXFileReference; lastKnownFileType = file.storyboard; path = ActionEditViewController.storyboard; sourceTree = "<group>"; };
		FA4C38FC2C2316FF00EA675A /* LyricsViewController.storyboard */ = {isa = PBXFileReference; lastKnownFileType = file.storyboard; path = LyricsViewController.storyboard; sourceTree = "<group>"; };
		FADFFA9A2BE5244F004EEE12 /* SongMemoApp2.app */ = {isa = PBXFileReference; explicitFileType = wrapper.application; includeInIndex = 0; path = SongMemoApp2.app; sourceTree = BUILT_PRODUCTS_DIR; };
		FADFFA9D2BE5244F004EEE12 /* AppDelegate.swift */ = {isa = PBXFileReference; lastKnownFileType = sourcecode.swift; path = AppDelegate.swift; sourceTree = "<group>"; };
		FADFFA9F2BE5244F004EEE12 /* SceneDelegate.swift */ = {isa = PBXFileReference; lastKnownFileType = sourcecode.swift; path = SceneDelegate.swift; sourceTree = "<group>"; };
		FADFFAA12BE5244F004EEE12 /* HomeViewController.swift */ = {isa = PBXFileReference; lastKnownFileType = sourcecode.swift; path = HomeViewController.swift; sourceTree = "<group>"; };
		FADFFAA42BE5244F004EEE12 /* Base */ = {isa = PBXFileReference; lastKnownFileType = file.storyboard; name = Base; path = Base.lproj/Main.storyboard; sourceTree = "<group>"; };
		FADFFAA62BE52450004EEE12 /* Assets.xcassets */ = {isa = PBXFileReference; lastKnownFileType = folder.assetcatalog; path = Assets.xcassets; sourceTree = "<group>"; };
		FADFFAA92BE52450004EEE12 /* Base */ = {isa = PBXFileReference; lastKnownFileType = file.storyboard; name = Base; path = Base.lproj/LaunchScreen.storyboard; sourceTree = "<group>"; };
		FADFFAAB2BE52450004EEE12 /* Info.plist */ = {isa = PBXFileReference; lastKnownFileType = text.plist.xml; path = Info.plist; sourceTree = "<group>"; };
		FADFFAB02BE52450004EEE12 /* SongMemoApp2Tests.xctest */ = {isa = PBXFileReference; explicitFileType = wrapper.cfbundle; includeInIndex = 0; path = SongMemoApp2Tests.xctest; sourceTree = BUILT_PRODUCTS_DIR; };
		FADFFAB42BE52450004EEE12 /* SongMemoApp2Tests.swift */ = {isa = PBXFileReference; lastKnownFileType = sourcecode.swift; path = SongMemoApp2Tests.swift; sourceTree = "<group>"; };
		FADFFABA2BE52450004EEE12 /* SongMemoApp2UITests.xctest */ = {isa = PBXFileReference; explicitFileType = wrapper.cfbundle; includeInIndex = 0; path = SongMemoApp2UITests.xctest; sourceTree = BUILT_PRODUCTS_DIR; };
		FADFFABE2BE52450004EEE12 /* SongMemoApp2UITests.swift */ = {isa = PBXFileReference; lastKnownFileType = sourcecode.swift; path = SongMemoApp2UITests.swift; sourceTree = "<group>"; };
		FADFFAC02BE52450004EEE12 /* SongMemoApp2UITestsLaunchTests.swift */ = {isa = PBXFileReference; lastKnownFileType = sourcecode.swift; path = SongMemoApp2UITestsLaunchTests.swift; sourceTree = "<group>"; };
		FADFFACD2BE52A96004EEE12 /* HomeViewTableViewCell.swift */ = {isa = PBXFileReference; lastKnownFileType = sourcecode.swift; path = HomeViewTableViewCell.swift; sourceTree = "<group>"; };
		FADFFACE2BE52A96004EEE12 /* HomeViewTableViewCell.xib */ = {isa = PBXFileReference; lastKnownFileType = file.xib; path = HomeViewTableViewCell.xib; sourceTree = "<group>"; };
/* End PBXFileReference section */

/* Begin PBXFrameworksBuildPhase section */
		FADFFA972BE5244F004EEE12 /* Frameworks */ = {
			isa = PBXFrameworksBuildPhase;
			buildActionMask = 2147483647;
			files = (
			);
			runOnlyForDeploymentPostprocessing = 0;
		};
		FADFFAAD2BE52450004EEE12 /* Frameworks */ = {
			isa = PBXFrameworksBuildPhase;
			buildActionMask = 2147483647;
			files = (
			);
			runOnlyForDeploymentPostprocessing = 0;
		};
		FADFFAB72BE52450004EEE12 /* Frameworks */ = {
			isa = PBXFrameworksBuildPhase;
			buildActionMask = 2147483647;
			files = (
			);
			runOnlyForDeploymentPostprocessing = 0;
		};
/* End PBXFrameworksBuildPhase section */

/* Begin PBXGroup section */
		FADFFA912BE5244F004EEE12 = {
			isa = PBXGroup;
			children = (
				FADFFA9C2BE5244F004EEE12 /* SongMemoApp2 */,
				FADFFAB32BE52450004EEE12 /* SongMemoApp2Tests */,
				FADFFABD2BE52450004EEE12 /* SongMemoApp2UITests */,
				FADFFA9B2BE5244F004EEE12 /* Products */,
			);
			sourceTree = "<group>";
		};
		FADFFA9B2BE5244F004EEE12 /* Products */ = {
			isa = PBXGroup;
			children = (
				FADFFA9A2BE5244F004EEE12 /* SongMemoApp2.app */,
				FADFFAB02BE52450004EEE12 /* SongMemoApp2Tests.xctest */,
				FADFFABA2BE52450004EEE12 /* SongMemoApp2UITests.xctest */,
			);
			name = Products;
			sourceTree = "<group>";
		};
		FADFFA9C2BE5244F004EEE12 /* SongMemoApp2 */ = {
			isa = PBXGroup;
			children = (
				FADFFAA32BE5244F004EEE12 /* Main.storyboard */,
				FADFFAA12BE5244F004EEE12 /* HomeViewController.swift */,
				FA4C38FA2C1B0B2100EA675A /* ActionEditViewController.storyboard */,
				FA4C38F62C08B0FB00EA675A /* ActionEditViewController.swift */,
				FADFFACE2BE52A96004EEE12 /* HomeViewTableViewCell.xib */,
				FADFFACD2BE52A96004EEE12 /* HomeViewTableViewCell.swift */,
				FA4C38FC2C2316FF00EA675A /* LyricsViewController.storyboard */,
				FA4C38F82C08B15600EA675A /* LyricsEditViewController.swift */,
				FA4C38EC2C08A9A200EA675A /* SongTextModel.swift */,
				FA4C38F42C08AA8300EA675A /* ColorRangeModel.swift */,
				FA4C38EE2C08A9CA00EA675A /* SizeRangeModel.swift */,
				FA4C38F02C08A9E300EA675A /* ActionPositionModel.swift */,
				FA4C38F22C08AA1900EA675A /* ActionModel.swift */,
				FADFFAA82BE52450004EEE12 /* LaunchScreen.storyboard */,
				FADFFA9F2BE5244F004EEE12 /* SceneDelegate.swift */,
				FADFFAA62BE52450004EEE12 /* Assets.xcassets */,
				FADFFA9D2BE5244F004EEE12 /* AppDelegate.swift */,
				FADFFAAB2BE52450004EEE12 /* Info.plist */,
			);
			path = SongMemoApp2;
			sourceTree = "<group>";
		};
		FADFFAB32BE52450004EEE12 /* SongMemoApp2Tests */ = {
			isa = PBXGroup;
			children = (
				FADFFAB42BE52450004EEE12 /* SongMemoApp2Tests.swift */,
			);
			path = SongMemoApp2Tests;
			sourceTree = "<group>";
		};
		FADFFABD2BE52450004EEE12 /* SongMemoApp2UITests */ = {
			isa = PBXGroup;
			children = (
				FADFFABE2BE52450004EEE12 /* SongMemoApp2UITests.swift */,
				FADFFAC02BE52450004EEE12 /* SongMemoApp2UITestsLaunchTests.swift */,
			);
			path = SongMemoApp2UITests;
			sourceTree = "<group>";
		};
/* End PBXGroup section */

/* Begin PBXNativeTarget section */
		FADFFA992BE5244F004EEE12 /* SongMemoApp2 */ = {
			isa = PBXNativeTarget;
			buildConfigurationList = FADFFAC42BE52450004EEE12 /* Build configuration list for PBXNativeTarget "SongMemoApp2" */;
			buildPhases = (
				FADFFA962BE5244F004EEE12 /* Sources */,
				FADFFA972BE5244F004EEE12 /* Frameworks */,
				FADFFA982BE5244F004EEE12 /* Resources */,
			);
			buildRules = (
			);
			dependencies = (
			);
			name = SongMemoApp2;
			productName = SongMemoApp2;
			productReference = FADFFA9A2BE5244F004EEE12 /* SongMemoApp2.app */;
			productType = "com.apple.product-type.application";
		};
		FADFFAAF2BE52450004EEE12 /* SongMemoApp2Tests */ = {
			isa = PBXNativeTarget;
			buildConfigurationList = FADFFAC72BE52450004EEE12 /* Build configuration list for PBXNativeTarget "SongMemoApp2Tests" */;
			buildPhases = (
				FADFFAAC2BE52450004EEE12 /* Sources */,
				FADFFAAD2BE52450004EEE12 /* Frameworks */,
				FADFFAAE2BE52450004EEE12 /* Resources */,
			);
			buildRules = (
			);
			dependencies = (
				FADFFAB22BE52450004EEE12 /* PBXTargetDependency */,
			);
			name = SongMemoApp2Tests;
			productName = SongMemoApp2Tests;
			productReference = FADFFAB02BE52450004EEE12 /* SongMemoApp2Tests.xctest */;
			productType = "com.apple.product-type.bundle.unit-test";
		};
		FADFFAB92BE52450004EEE12 /* SongMemoApp2UITests */ = {
			isa = PBXNativeTarget;
			buildConfigurationList = FADFFACA2BE52450004EEE12 /* Build configuration list for PBXNativeTarget "SongMemoApp2UITests" */;
			buildPhases = (
				FADFFAB62BE52450004EEE12 /* Sources */,
				FADFFAB72BE52450004EEE12 /* Frameworks */,
				FADFFAB82BE52450004EEE12 /* Resources */,
			);
			buildRules = (
			);
			dependencies = (
				FADFFABC2BE52450004EEE12 /* PBXTargetDependency */,
			);
			name = SongMemoApp2UITests;
			productName = SongMemoApp2UITests;
			productReference = FADFFABA2BE52450004EEE12 /* SongMemoApp2UITests.xctest */;
			productType = "com.apple.product-type.bundle.ui-testing";
		};
/* End PBXNativeTarget section */

/* Begin PBXProject section */
		FADFFA922BE5244F004EEE12 /* Project object */ = {
			isa = PBXProject;
			attributes = {
				BuildIndependentTargetsInParallel = 1;
				LastSwiftUpdateCheck = 1430;
				LastUpgradeCheck = 1430;
				TargetAttributes = {
					FADFFA992BE5244F004EEE12 = {
						CreatedOnToolsVersion = 14.3;
					};
					FADFFAAF2BE52450004EEE12 = {
						CreatedOnToolsVersion = 14.3;
						TestTargetID = FADFFA992BE5244F004EEE12;
					};
					FADFFAB92BE52450004EEE12 = {
						CreatedOnToolsVersion = 14.3;
						TestTargetID = FADFFA992BE5244F004EEE12;
					};
				};
			};
			buildConfigurationList = FADFFA952BE5244F004EEE12 /* Build configuration list for PBXProject "SongMemoApp2" */;
			compatibilityVersion = "Xcode 14.0";
			developmentRegion = en;
			hasScannedForEncodings = 0;
			knownRegions = (
				en,
				Base,
			);
			mainGroup = FADFFA912BE5244F004EEE12;
			productRefGroup = FADFFA9B2BE5244F004EEE12 /* Products */;
			projectDirPath = "";
			projectRoot = "";
			targets = (
				FADFFA992BE5244F004EEE12 /* SongMemoApp2 */,
				FADFFAAF2BE52450004EEE12 /* SongMemoApp2Tests */,
				FADFFAB92BE52450004EEE12 /* SongMemoApp2UITests */,
			);
		};
/* End PBXProject section */

/* Begin PBXResourcesBuildPhase section */
		FADFFA982BE5244F004EEE12 /* Resources */ = {
			isa = PBXResourcesBuildPhase;
			buildActionMask = 2147483647;
			files = (
				FA4C38FB2C1B0B2100EA675A /* ActionEditViewController.storyboard in Resources */,
				FADFFAAA2BE52450004EEE12 /* LaunchScreen.storyboard in Resources */,
				FADFFAD02BE52A96004EEE12 /* HomeViewTableViewCell.xib in Resources */,
				FADFFAA72BE52450004EEE12 /* Assets.xcassets in Resources */,
				FADFFAA52BE5244F004EEE12 /* Main.storyboard in Resources */,
				FA4C38FD2C2316FF00EA675A /* LyricsViewController.storyboard in Resources */,
			);
			runOnlyForDeploymentPostprocessing = 0;
		};
		FADFFAAE2BE52450004EEE12 /* Resources */ = {
			isa = PBXResourcesBuildPhase;
			buildActionMask = 2147483647;
			files = (
			);
			runOnlyForDeploymentPostprocessing = 0;
		};
		FADFFAB82BE52450004EEE12 /* Resources */ = {
			isa = PBXResourcesBuildPhase;
			buildActionMask = 2147483647;
			files = (
			);
			runOnlyForDeploymentPostprocessing = 0;
		};
/* End PBXResourcesBuildPhase section */

/* Begin PBXSourcesBuildPhase section */
		FADFFA962BE5244F004EEE12 /* Sources */ = {
			isa = PBXSourcesBuildPhase;
			buildActionMask = 2147483647;
			files = (
				FA4C38EF2C08A9CA00EA675A /* SizeRangeModel.swift in Sources */,
				FA4C38F12C08A9E300EA675A /* ActionPositionModel.swift in Sources */,
				FADFFAA22BE5244F004EEE12 /* HomeViewController.swift in Sources */,
				FA4C38F92C08B15600EA675A /* LyricsEditViewController.swift in Sources */,
				FA4C38F32C08AA1900EA675A /* ActionModel.swift in Sources */,
				FA4C38F72C08B0FB00EA675A /* ActionEditViewController.swift in Sources */,
				FADFFACF2BE52A96004EEE12 /* HomeViewTableViewCell.swift in Sources */,
				FA4C38ED2C08A9A200EA675A /* SongTextModel.swift in Sources */,
				FA4C38F52C08AA8300EA675A /* ColorRangeModel.swift in Sources */,
				FADFFA9E2BE5244F004EEE12 /* AppDelegate.swift in Sources */,
				FADFFAA02BE5244F004EEE12 /* SceneDelegate.swift in Sources */,
			);
			runOnlyForDeploymentPostprocessing = 0;
		};
		FADFFAAC2BE52450004EEE12 /* Sources */ = {
			isa = PBXSourcesBuildPhase;
			buildActionMask = 2147483647;
			files = (
				FADFFAB52BE52450004EEE12 /* SongMemoApp2Tests.swift in Sources */,
			);
			runOnlyForDeploymentPostprocessing = 0;
		};
		FADFFAB62BE52450004EEE12 /* Sources */ = {
			isa = PBXSourcesBuildPhase;
			buildActionMask = 2147483647;
			files = (
				FADFFAC12BE52450004EEE12 /* SongMemoApp2UITestsLaunchTests.swift in Sources */,
				FADFFABF2BE52450004EEE12 /* SongMemoApp2UITests.swift in Sources */,
			);
			runOnlyForDeploymentPostprocessing = 0;
		};
/* End PBXSourcesBuildPhase section */

/* Begin PBXTargetDependency section */
		FADFFAB22BE52450004EEE12 /* PBXTargetDependency */ = {
			isa = PBXTargetDependency;
			target = FADFFA992BE5244F004EEE12 /* SongMemoApp2 */;
			targetProxy = FADFFAB12BE52450004EEE12 /* PBXContainerItemProxy */;
		};
		FADFFABC2BE52450004EEE12 /* PBXTargetDependency */ = {
			isa = PBXTargetDependency;
			target = FADFFA992BE5244F004EEE12 /* SongMemoApp2 */;
			targetProxy = FADFFABB2BE52450004EEE12 /* PBXContainerItemProxy */;
		};
/* End PBXTargetDependency section */

/* Begin PBXVariantGroup section */
		FADFFAA32BE5244F004EEE12 /* Main.storyboard */ = {
			isa = PBXVariantGroup;
			children = (
				FADFFAA42BE5244F004EEE12 /* Base */,
			);
			name = Main.storyboard;
			sourceTree = "<group>";
		};
		FADFFAA82BE52450004EEE12 /* LaunchScreen.storyboard */ = {
			isa = PBXVariantGroup;
			children = (
				FADFFAA92BE52450004EEE12 /* Base */,
			);
			name = LaunchScreen.storyboard;
			sourceTree = "<group>";
		};
/* End PBXVariantGroup section */

/* Begin XCBuildConfiguration section */
		FADFFAC22BE52450004EEE12 /* Debug */ = {
			isa = XCBuildConfiguration;
			buildSettings = {
				ALWAYS_SEARCH_USER_PATHS = NO;
				CLANG_ANALYZER_NONNULL = YES;
				CLANG_ANALYZER_NUMBER_OBJECT_CONVERSION = YES_AGGRESSIVE;
				CLANG_CXX_LANGUAGE_STANDARD = "gnu++20";
				CLANG_ENABLE_MODULES = YES;
				CLANG_ENABLE_OBJC_ARC = YES;
				CLANG_ENABLE_OBJC_WEAK = YES;
				CLANG_WARN_BLOCK_CAPTURE_AUTORELEASING = YES;
				CLANG_WARN_BOOL_CONVERSION = YES;
				CLANG_WARN_COMMA = YES;
				CLANG_WARN_CONSTANT_CONVERSION = YES;
				CLANG_WARN_DEPRECATED_OBJC_IMPLEMENTATIONS = YES;
				CLANG_WARN_DIRECT_OBJC_ISA_USAGE = YES_ERROR;
				CLANG_WARN_DOCUMENTATION_COMMENTS = YES;
				CLANG_WARN_EMPTY_BODY = YES;
				CLANG_WARN_ENUM_CONVERSION = YES;
				CLANG_WARN_INFINITE_RECURSION = YES;
				CLANG_WARN_INT_CONVERSION = YES;
				CLANG_WARN_NON_LITERAL_NULL_CONVERSION = YES;
				CLANG_WARN_OBJC_IMPLICIT_RETAIN_SELF = YES;
				CLANG_WARN_OBJC_LITERAL_CONVERSION = YES;
				CLANG_WARN_OBJC_ROOT_CLASS = YES_ERROR;
				CLANG_WARN_QUOTED_INCLUDE_IN_FRAMEWORK_HEADER = YES;
				CLANG_WARN_RANGE_LOOP_ANALYSIS = YES;
				CLANG_WARN_STRICT_PROTOTYPES = YES;
				CLANG_WARN_SUSPICIOUS_MOVE = YES;
				CLANG_WARN_UNGUARDED_AVAILABILITY = YES_AGGRESSIVE;
				CLANG_WARN_UNREACHABLE_CODE = YES;
				CLANG_WARN__DUPLICATE_METHOD_MATCH = YES;
				COPY_PHASE_STRIP = NO;
				DEBUG_INFORMATION_FORMAT = dwarf;
				ENABLE_STRICT_OBJC_MSGSEND = YES;
				ENABLE_TESTABILITY = YES;
				GCC_C_LANGUAGE_STANDARD = gnu11;
				GCC_DYNAMIC_NO_PIC = NO;
				GCC_NO_COMMON_BLOCKS = YES;
				GCC_OPTIMIZATION_LEVEL = 0;
				GCC_PREPROCESSOR_DEFINITIONS = (
					"DEBUG=1",
					"$(inherited)",
				);
				GCC_WARN_64_TO_32_BIT_CONVERSION = YES;
				GCC_WARN_ABOUT_RETURN_TYPE = YES_ERROR;
				GCC_WARN_UNDECLARED_SELECTOR = YES;
				GCC_WARN_UNINITIALIZED_AUTOS = YES_AGGRESSIVE;
				GCC_WARN_UNUSED_FUNCTION = YES;
				GCC_WARN_UNUSED_VARIABLE = YES;
				IPHONEOS_DEPLOYMENT_TARGET = 16.4;
				MTL_ENABLE_DEBUG_INFO = INCLUDE_SOURCE;
				MTL_FAST_MATH = YES;
				ONLY_ACTIVE_ARCH = YES;
				SDKROOT = iphoneos;
				SWIFT_ACTIVE_COMPILATION_CONDITIONS = DEBUG;
				SWIFT_OPTIMIZATION_LEVEL = "-Onone";
			};
			name = Debug;
		};
		FADFFAC32BE52450004EEE12 /* Release */ = {
			isa = XCBuildConfiguration;
			buildSettings = {
				ALWAYS_SEARCH_USER_PATHS = NO;
				CLANG_ANALYZER_NONNULL = YES;
				CLANG_ANALYZER_NUMBER_OBJECT_CONVERSION = YES_AGGRESSIVE;
				CLANG_CXX_LANGUAGE_STANDARD = "gnu++20";
				CLANG_ENABLE_MODULES = YES;
				CLANG_ENABLE_OBJC_ARC = YES;
				CLANG_ENABLE_OBJC_WEAK = YES;
				CLANG_WARN_BLOCK_CAPTURE_AUTORELEASING = YES;
				CLANG_WARN_BOOL_CONVERSION = YES;
				CLANG_WARN_COMMA = YES;
				CLANG_WARN_CONSTANT_CONVERSION = YES;
				CLANG_WARN_DEPRECATED_OBJC_IMPLEMENTATIONS = YES;
				CLANG_WARN_DIRECT_OBJC_ISA_USAGE = YES_ERROR;
				CLANG_WARN_DOCUMENTATION_COMMENTS = YES;
				CLANG_WARN_EMPTY_BODY = YES;
				CLANG_WARN_ENUM_CONVERSION = YES;
				CLANG_WARN_INFINITE_RECURSION = YES;
				CLANG_WARN_INT_CONVERSION = YES;
				CLANG_WARN_NON_LITERAL_NULL_CONVERSION = YES;
				CLANG_WARN_OBJC_IMPLICIT_RETAIN_SELF = YES;
				CLANG_WARN_OBJC_LITERAL_CONVERSION = YES;
				CLANG_WARN_OBJC_ROOT_CLASS = YES_ERROR;
				CLANG_WARN_QUOTED_INCLUDE_IN_FRAMEWORK_HEADER = YES;
				CLANG_WARN_RANGE_LOOP_ANALYSIS = YES;
				CLANG_WARN_STRICT_PROTOTYPES = YES;
				CLANG_WARN_SUSPICIOUS_MOVE = YES;
				CLANG_WARN_UNGUARDED_AVAILABILITY = YES_AGGRESSIVE;
				CLANG_WARN_UNREACHABLE_CODE = YES;
				CLANG_WARN__DUPLICATE_METHOD_MATCH = YES;
				COPY_PHASE_STRIP = NO;
				DEBUG_INFORMATION_FORMAT = "dwarf-with-dsym";
				ENABLE_NS_ASSERTIONS = NO;
				ENABLE_STRICT_OBJC_MSGSEND = YES;
				GCC_C_LANGUAGE_STANDARD = gnu11;
				GCC_NO_COMMON_BLOCKS = YES;
				GCC_WARN_64_TO_32_BIT_CONVERSION = YES;
				GCC_WARN_ABOUT_RETURN_TYPE = YES_ERROR;
				GCC_WARN_UNDECLARED_SELECTOR = YES;
				GCC_WARN_UNINITIALIZED_AUTOS = YES_AGGRESSIVE;
				GCC_WARN_UNUSED_FUNCTION = YES;
				GCC_WARN_UNUSED_VARIABLE = YES;
				IPHONEOS_DEPLOYMENT_TARGET = 16.4;
				MTL_ENABLE_DEBUG_INFO = NO;
				MTL_FAST_MATH = YES;
				SDKROOT = iphoneos;
				SWIFT_COMPILATION_MODE = wholemodule;
				SWIFT_OPTIMIZATION_LEVEL = "-O";
				VALIDATE_PRODUCT = YES;
			};
			name = Release;
		};
		FADFFAC52BE52450004EEE12 /* Debug */ = {
			isa = XCBuildConfiguration;
			buildSettings = {
				ASSETCATALOG_COMPILER_APPICON_NAME = AppIcon;
				ASSETCATALOG_COMPILER_GLOBAL_ACCENT_COLOR_NAME = AccentColor;
				CODE_SIGN_STYLE = Automatic;
				CURRENT_PROJECT_VERSION = 1;
				GENERATE_INFOPLIST_FILE = YES;
				INFOPLIST_FILE = SongMemoApp2/Info.plist;
				INFOPLIST_KEY_UIApplicationSupportsIndirectInputEvents = YES;
				INFOPLIST_KEY_UILaunchStoryboardName = LaunchScreen;
				INFOPLIST_KEY_UIMainStoryboardFile = Main;
				INFOPLIST_KEY_UISupportedInterfaceOrientations_iPad = "UIInterfaceOrientationPortrait UIInterfaceOrientationPortraitUpsideDown UIInterfaceOrientationLandscapeLeft UIInterfaceOrientationLandscapeRight";
				INFOPLIST_KEY_UISupportedInterfaceOrientations_iPhone = "UIInterfaceOrientationPortrait UIInterfaceOrientationLandscapeLeft UIInterfaceOrientationLandscapeRight";
				LD_RUNPATH_SEARCH_PATHS = (
					"$(inherited)",
					"@executable_path/Frameworks",
				);
				MARKETING_VERSION = 1.0;
				PRODUCT_BUNDLE_IDENTIFIER = "com.ios-academla.SongMemoApp2";
				PRODUCT_NAME = "$(TARGET_NAME)";
				SWIFT_EMIT_LOC_STRINGS = YES;
				SWIFT_VERSION = 5.0;
				TARGETED_DEVICE_FAMILY = "1,2";
			};
			name = Debug;
		};
		FADFFAC62BE52450004EEE12 /* Release */ = {
			isa = XCBuildConfiguration;
			buildSettings = {
				ASSETCATALOG_COMPILER_APPICON_NAME = AppIcon;
				ASSETCATALOG_COMPILER_GLOBAL_ACCENT_COLOR_NAME = AccentColor;
				CODE_SIGN_STYLE = Automatic;
				CURRENT_PROJECT_VERSION = 1;
				GENERATE_INFOPLIST_FILE = YES;
				INFOPLIST_FILE = SongMemoApp2/Info.plist;
				INFOPLIST_KEY_UIApplicationSupportsIndirectInputEvents = YES;
				INFOPLIST_KEY_UILaunchStoryboardName = LaunchScreen;
				INFOPLIST_KEY_UIMainStoryboardFile = Main;
				INFOPLIST_KEY_UISupportedInterfaceOrientations_iPad = "UIInterfaceOrientationPortrait UIInterfaceOrientationPortraitUpsideDown UIInterfaceOrientationLandscapeLeft UIInterfaceOrientationLandscapeRight";
				INFOPLIST_KEY_UISupportedInterfaceOrientations_iPhone = "UIInterfaceOrientationPortrait UIInterfaceOrientationLandscapeLeft UIInterfaceOrientationLandscapeRight";
				LD_RUNPATH_SEARCH_PATHS = (
					"$(inherited)",
					"@executable_path/Frameworks",
				);
				MARKETING_VERSION = 1.0;
				PRODUCT_BUNDLE_IDENTIFIER = "com.ios-academla.SongMemoApp2";
				PRODUCT_NAME = "$(TARGET_NAME)";
				SWIFT_EMIT_LOC_STRINGS = YES;
				SWIFT_VERSION = 5.0;
				TARGETED_DEVICE_FAMILY = "1,2";
			};
			name = Release;
		};
		FADFFAC82BE52450004EEE12 /* Debug */ = {
			isa = XCBuildConfiguration;
			buildSettings = {
				ALWAYS_EMBED_SWIFT_STANDARD_LIBRARIES = YES;
				BUNDLE_LOADER = "$(TEST_HOST)";
				CODE_SIGN_STYLE = Automatic;
				CURRENT_PROJECT_VERSION = 1;
				GENERATE_INFOPLIST_FILE = YES;
				IPHONEOS_DEPLOYMENT_TARGET = 16.4;
				MARKETING_VERSION = 1.0;
				PRODUCT_BUNDLE_IDENTIFIER = "com.ios-academla.SongMemoApp2Tests";
				PRODUCT_NAME = "$(TARGET_NAME)";
				SWIFT_EMIT_LOC_STRINGS = NO;
				SWIFT_VERSION = 5.0;
				TARGETED_DEVICE_FAMILY = "1,2";
				TEST_HOST = "$(BUILT_PRODUCTS_DIR)/SongMemoApp2.app/$(BUNDLE_EXECUTABLE_FOLDER_PATH)/SongMemoApp2";
			};
			name = Debug;
		};
		FADFFAC92BE52450004EEE12 /* Release */ = {
			isa = XCBuildConfiguration;
			buildSettings = {
				ALWAYS_EMBED_SWIFT_STANDARD_LIBRARIES = YES;
				BUNDLE_LOADER = "$(TEST_HOST)";
				CODE_SIGN_STYLE = Automatic;
				CURRENT_PROJECT_VERSION = 1;
				GENERATE_INFOPLIST_FILE = YES;
				IPHONEOS_DEPLOYMENT_TARGET = 16.4;
				MARKETING_VERSION = 1.0;
				PRODUCT_BUNDLE_IDENTIFIER = "com.ios-academla.SongMemoApp2Tests";
				PRODUCT_NAME = "$(TARGET_NAME)";
				SWIFT_EMIT_LOC_STRINGS = NO;
				SWIFT_VERSION = 5.0;
				TARGETED_DEVICE_FAMILY = "1,2";
				TEST_HOST = "$(BUILT_PRODUCTS_DIR)/SongMemoApp2.app/$(BUNDLE_EXECUTABLE_FOLDER_PATH)/SongMemoApp2";
			};
			name = Release;
		};
		FADFFACB2BE52450004EEE12 /* Debug */ = {
			isa = XCBuildConfiguration;
			buildSettings = {
				ALWAYS_EMBED_SWIFT_STANDARD_LIBRARIES = YES;
				CODE_SIGN_STYLE = Automatic;
				CURRENT_PROJECT_VERSION = 1;
				GENERATE_INFOPLIST_FILE = YES;
				MARKETING_VERSION = 1.0;
				PRODUCT_BUNDLE_IDENTIFIER = "com.ios-academla.SongMemoApp2UITests";
				PRODUCT_NAME = "$(TARGET_NAME)";
				SWIFT_EMIT_LOC_STRINGS = NO;
				SWIFT_VERSION = 5.0;
				TARGETED_DEVICE_FAMILY = "1,2";
				TEST_TARGET_NAME = SongMemoApp2;
			};
			name = Debug;
		};
		FADFFACC2BE52450004EEE12 /* Release */ = {
			isa = XCBuildConfiguration;
			buildSettings = {
				ALWAYS_EMBED_SWIFT_STANDARD_LIBRARIES = YES;
				CODE_SIGN_STYLE = Automatic;
				CURRENT_PROJECT_VERSION = 1;
				GENERATE_INFOPLIST_FILE = YES;
				MARKETING_VERSION = 1.0;
				PRODUCT_BUNDLE_IDENTIFIER = "com.ios-academla.SongMemoApp2UITests";
				PRODUCT_NAME = "$(TARGET_NAME)";
				SWIFT_EMIT_LOC_STRINGS = NO;
				SWIFT_VERSION = 5.0;
				TARGETED_DEVICE_FAMILY = "1,2";
				TEST_TARGET_NAME = SongMemoApp2;
			};
			name = Release;
		};
/* End XCBuildConfiguration section */

/* Begin XCConfigurationList section */
		FADFFA952BE5244F004EEE12 /* Build configuration list for PBXProject "SongMemoApp2" */ = {
			isa = XCConfigurationList;
			buildConfigurations = (
				FADFFAC22BE52450004EEE12 /* Debug */,
				FADFFAC32BE52450004EEE12 /* Release */,
			);
			defaultConfigurationIsVisible = 0;
			defaultConfigurationName = Release;
		};
		FADFFAC42BE52450004EEE12 /* Build configuration list for PBXNativeTarget "SongMemoApp2" */ = {
			isa = XCConfigurationList;
			buildConfigurations = (
				FADFFAC52BE52450004EEE12 /* Debug */,
				FADFFAC62BE52450004EEE12 /* Release */,
			);
			defaultConfigurationIsVisible = 0;
			defaultConfigurationName = Release;
		};
		FADFFAC72BE52450004EEE12 /* Build configuration list for PBXNativeTarget "SongMemoApp2Tests" */ = {
			isa = XCConfigurationList;
			buildConfigurations = (
				FADFFAC82BE52450004EEE12 /* Debug */,
				FADFFAC92BE52450004EEE12 /* Release */,
			);
			defaultConfigurationIsVisible = 0;
			defaultConfigurationName = Release;
		};
		FADFFACA2BE52450004EEE12 /* Build configuration list for PBXNativeTarget "SongMemoApp2UITests" */ = {
			isa = XCConfigurationList;
			buildConfigurations = (
				FADFFACB2BE52450004EEE12 /* Debug */,
				FADFFACC2BE52450004EEE12 /* Release */,
			);
			defaultConfigurationIsVisible = 0;
			defaultConfigurationName = Release;
		};
/* End XCConfigurationList section */
	};
	rootObject = FADFFA922BE5244F004EEE12 /* Project object */;
}
